<?xml version="1.0" encoding="utf-8"?>
<Project ToolsVersion="4.0" xmlns="http://schemas.microsoft.com/developer/msbuild/2003">
  <ItemGroup>
    <ClInclude Include="Interfaces\IObject.h" />
    <ClInclude Include="Systems\Graphics.h" />
    <ClInclude Include="Systems\Keyboard.h" />
    <ClInclude Include="Systems\Time.h" />
    <ClInclude Include="Systems\Window.h" />
    <ClInclude Include="Utilites\SingletonBase.h" />
    <ClInclude Include="Framework.h" />
    <ClInclude Include="Systems\Mouse.h" />
    <ClInclude Include="Renders\Resources\VertexType.h" />
    <ClInclude Include="Renders\IA\VertexBuffer.h" />
    <ClInclude Include="Renders\IA\IndexBuffer.h" />
    <ClInclude Include="Renders\Shaders\IShader.h" />
    <ClInclude Include="Renders\Shaders\VertexShader.h" />
    <ClInclude Include="Renders\Shaders\PixelShader.h" />
    <ClInclude Include="Renders\IA\InputLayout.h" />
    <ClInclude Include="Renders\Resources\ShaderBuffer.h" />
    <ClInclude Include="Renders\Resources\GlobalBuffers.h" />
    <ClInclude Include="Geometries\Rect.h" />
    <ClInclude Include="Renders\States.h" />
    <ClInclude Include="Utilites\Gui.h" />
    <ClInclude Include="Geometries\TextureRect.h" />
    <ClInclude Include="Utilites\DirectHelpers.h" />
    <ClInclude Include="Geometries\RunningRect.h" />
    <ClInclude Include="Systems\SoundSystem.h" />
    <ClInclude Include="Utilites\RenderTexture.h" />
    <ClInclude Include="Renders\Resources\Texture2D.h" />
    <ClInclude Include="Utilites\Path.h" />
    <ClInclude Include="Utilites\String.h" />
    <ClInclude Include="Utilites\Animator.h" />
    <ClInclude Include="Geometries\AnimationRect.h" />
    <ClInclude Include="Systems\Camera.h" />
    <ClInclude Include="TileMap\TileMap.h" />
    <ClInclude Include="TileMap\TileSet.h" />
    <ClInclude Include="TileMap\Tile.h" />
    <ClInclude Include="Utilites\FileStream.h" />
    <ClInclude Include="Utilites\Json.h" />
    <ClInclude Include="Geometries\BlurredTexture.h" />
    <ClInclude Include="Geometries\LightMap.h" />
    <ClInclude Include="Geometries\BoundingBox\OBB.h" />
    <ClInclude Include="Game\Character.h" />
    <ClInclude Include="Game\Player.h" />
    <ClInclude Include="Game\Ghost.h" />
    <ClInclude Include="Game\Red.h" />
    <ClInclude Include="Game\Collision.h" />
  </ItemGroup>
  <ItemGroup>
    <ClCompile Include="Systems\Graphics.cpp" />
    <ClCompile Include="Systems\Keyboard.cpp" />
    <ClCompile Include="Systems\Time.cpp" />
    <ClCompile Include="Systems\Window.cpp" />
    <ClCompile Include="Systems\Mouse.cpp" />
    <ClCompile Include="Framework.cpp" />
    <ClCompile Include="Renders\Resources\VertexType.cpp" />
    <ClCompile Include="Renders\IA\VertexBuffer.cpp" />
    <ClCompile Include="Renders\IA\IndexBuffer.cpp" />
    <ClCompile Include="Renders\Shaders\IShader.cpp" />
    <ClCompile Include="Renders\Shaders\VertexShader.cpp" />
    <ClCompile Include="Renders\Shaders\PixelShader.cpp" />
    <ClCompile Include="Renders\IA\InputLayout.cpp" />
    <ClCompile Include="Geometries\Rect.cpp" />
    <ClCompile Include="Renders\States.cpp" />
    <ClCompile Include="Utilites\Gui.cpp" />
    <ClCompile Include="Geometries\TextureRect.cpp" />
    <ClCompile Include="Geometries\RunningRect.cpp" />
    <ClCompile Include="Systems\SoundSystem.cpp" />
    <ClCompile Include="Utilites\RenderTexture.cpp" />
    <ClCompile Include="Renders\Resources\Texture2D.cpp" />
    <ClCompile Include="Utilites\Path.cpp" />
    <ClCompile Include="Utilites\String.cpp" />
    <ClCompile Include="Utilites\Animator.cpp" />
    <ClCompile Include="Geometries\AnimationRect.cpp" />
    <ClCompile Include="Systems\Camera.cpp" />
    <ClCompile Include="Utilites\DirectHelpers.cpp" />
    <ClCompile Include="TileMap\TileMap.cpp" />
    <ClCompile Include="TileMap\TileSet.cpp" />
    <ClCompile Include="TileMap\Tile.cpp" />
    <ClCompile Include="Utilites\FileStream.cpp" />
    <ClCompile Include="Utilites\Json.cpp" />
    <ClCompile Include="Geometries\BlurredTexture.cpp" />
    <ClCompile Include="Geometries\LightMap.cpp" />
    <ClCompile Include="Geometries\BoundingBox\OBB.cpp" />
    <ClCompile Include="Game\Character.cpp" />
    <ClCompile Include="Game\Player.cpp" />
    <ClCompile Include="Game\Ghost.cpp" />
    <ClCompile Include="Game\Red.cpp" />
    <ClCompile Include="Game\Collision.cpp" />
  </ItemGroup>
  <ItemGroup>
    <None Include="ClassDiagram.cd" />
    <None Include="ClassDiagram1.cd" />
  </ItemGroup>
</Project>